
Microsoft Visual Studio Solution File, Format Version 12.00
# Visual Studio Version 17
VisualStudioVersion = 17.5.33516.290
MinimumVisualStudioVersion = 10.0.40219.1
Project("{2150E333-8FDC-42A3-9474-1A3956D46DE8}") = "Services", "Services", "{8234649D-0AE2-433C-BF42-E42643F13AB3}"
EndProject
Project("{2150E333-8FDC-42A3-9474-1A3956D46DE8}") = "Catalog", "Catalog", "{D7942049-6314-4CB7-9841-FE1CEEEE988F}"
EndProject
Project("{9A19103F-16F7-4668-BE54-9A1E7A4F7556}") = "FreeCourse.Services.Catalog", "Services\Catolog\FreeCourse.Services.Catalog\FreeCourse.Services.Catalog.csproj", "{E359331D-D144-4B9A-B535-061DA9A3702D}"
EndProject
Project("{2150E333-8FDC-42A3-9474-1A3956D46DE8}") = "Solution Items", "Solution Items", "{7642BC6B-BC72-4673-8A15-23316F99BFC4}"
	ProjectSection(SolutionItems) = preProject
		Port.txt = Port.txt
	EndProjectSection
EndProject
Project("{2150E333-8FDC-42A3-9474-1A3956D46DE8}") = "Shared", "Shared", "{3383CBF9-09EC-4E95-9FDE-C9943A451D33}"
EndProject
Project("{9A19103F-16F7-4668-BE54-9A1E7A4F7556}") = "FreeCourse.Shared", "Shared\FreeCourse.Shared\FreeCourse.Shared.csproj", "{B6D5D7AE-8E5D-4200-92E6-3C8E9DED2A99}"
EndProject
Project("{2150E333-8FDC-42A3-9474-1A3956D46DE8}") = "IdentityServer", "IdentityServer", "{535DCB21-1C43-461D-9022-D56F98259FA1}"
EndProject
Project("{9A19103F-16F7-4668-BE54-9A1E7A4F7556}") = "FreeCourse.Identity", "IdentityServer\FreeCourse.Identity\FreeCourse.Identity.csproj", "{FAFA383C-E6D9-45F6-B49E-CC68B70871D9}"
EndProject
Global
	GlobalSection(SolutionConfigurationPlatforms) = preSolution
		Debug|Any CPU = Debug|Any CPU
		Release|Any CPU = Release|Any CPU
	EndGlobalSection
	GlobalSection(ProjectConfigurationPlatforms) = postSolution
		{E359331D-D144-4B9A-B535-061DA9A3702D}.Debug|Any CPU.ActiveCfg = Debug|Any CPU
		{E359331D-D144-4B9A-B535-061DA9A3702D}.Debug|Any CPU.Build.0 = Debug|Any CPU
		{E359331D-D144-4B9A-B535-061DA9A3702D}.Release|Any CPU.ActiveCfg = Release|Any CPU
		{E359331D-D144-4B9A-B535-061DA9A3702D}.Release|Any CPU.Build.0 = Release|Any CPU
		{B6D5D7AE-8E5D-4200-92E6-3C8E9DED2A99}.Debug|Any CPU.ActiveCfg = Debug|Any CPU
		{B6D5D7AE-8E5D-4200-92E6-3C8E9DED2A99}.Debug|Any CPU.Build.0 = Debug|Any CPU
		{B6D5D7AE-8E5D-4200-92E6-3C8E9DED2A99}.Release|Any CPU.ActiveCfg = Release|Any CPU
		{B6D5D7AE-8E5D-4200-92E6-3C8E9DED2A99}.Release|Any CPU.Build.0 = Release|Any CPU
		{FAFA383C-E6D9-45F6-B49E-CC68B70871D9}.Debug|Any CPU.ActiveCfg = Debug|Any CPU
		{FAFA383C-E6D9-45F6-B49E-CC68B70871D9}.Debug|Any CPU.Build.0 = Debug|Any CPU
		{FAFA383C-E6D9-45F6-B49E-CC68B70871D9}.Release|Any CPU.ActiveCfg = Release|Any CPU
		{FAFA383C-E6D9-45F6-B49E-CC68B70871D9}.Release|Any CPU.Build.0 = Release|Any CPU
	EndGlobalSection
	GlobalSection(SolutionProperties) = preSolution
		HideSolutionNode = FALSE
	EndGlobalSection
	GlobalSection(NestedProjects) = preSolution
		{D7942049-6314-4CB7-9841-FE1CEEEE988F} = {8234649D-0AE2-433C-BF42-E42643F13AB3}
		{E359331D-D144-4B9A-B535-061DA9A3702D} = {D7942049-6314-4CB7-9841-FE1CEEEE988F}
		{B6D5D7AE-8E5D-4200-92E6-3C8E9DED2A99} = {3383CBF9-09EC-4E95-9FDE-C9943A451D33}
		{FAFA383C-E6D9-45F6-B49E-CC68B70871D9} = {535DCB21-1C43-461D-9022-D56F98259FA1}
	EndGlobalSection
	GlobalSection(ExtensibilityGlobals) = postSolution
		SolutionGuid = {2D499B20-9538-47D0-AC37-AD8AA8A4DEFE}
	EndGlobalSection
EndGlobal
